
Microsoft Visual Studio Solution File, Format Version 12.00
# Visual Studio Version 16
VisualStudioVersion = 16.0.30404.54
MinimumVisualStudioVersion = 10.0.40219.1
Project("{FAE04EC0-301F-11D3-BF4B-00C04F79EFBC}") = "z-uwp", "z-uwp.csproj", "{AD60F7CC-C50D-4FB5-A17E-1895D3A2DF3D}"
EndProject
Global
	GlobalSection(SolutionConfigurationPlatforms) = preSolution
		Debug|ARM = Debug|ARM
		Debug|ARM64 = Debug|ARM64
		Debug|x64 = Debug|x64
		Debug|x86 = Debug|x86
		Release|ARM = Release|ARM
		Release|ARM64 = Release|ARM64
		Release|x64 = Release|x64
		Release|x86 = Release|x86
	EndGlobalSection
	GlobalSection(ProjectConfigurationPlatforms) = postSolution
		{AD60F7CC-C50D-4FB5-A17E-1895D3A2DF3D}.Debug|ARM.ActiveCfg = Debug|ARM
		{AD60F7CC-C50D-4FB5-A17E-1895D3A2DF3D}.Debug|ARM.Build.0 = Debug|ARM
		{AD60F7CC-C50D-4FB5-A17E-1895D3A2DF3D}.Debug|ARM.Deploy.0 = Debug|ARM
		{AD60F7CC-C50D-4FB5-A17E-1895D3A2DF3D}.Debug|ARM64.ActiveCfg = Debug|ARM64
		{AD60F7CC-C50D-4FB5-A17E-1895D3A2DF3D}.Debug|ARM64.Build.0 = Debug|ARM64
		{AD60F7CC-C50D-4FB5-A17E-1895D3A2DF3D}.Debug|ARM64.Deploy.0 = Debug|ARM64
		{AD60F7CC-C50D-4FB5-A17E-1895D3A2DF3D}.Debug|x64.ActiveCfg = Debug|x64
		{AD60F7CC-C50D-4FB5-A17E-1895D3A2DF3D}.Debug|x64.Build.0 = Debug|x64
		{AD60F7CC-C50D-4FB5-A17E-1895D3A2DF3D}.Debug|x64.Deploy.0 = Debug|x64
		{AD60F7CC-C50D-4FB5-A17E-1895D3A2DF3D}.Debug|x86.ActiveCfg = Debug|x86
		{AD60F7CC-C50D-4FB5-A17E-1895D3A2DF3D}.Debug|x86.Build.0 = Debug|x86
		{AD60F7CC-C50D-4FB5-A17E-1895D3A2DF3D}.Debug|x86.Deploy.0 = Debug|x86
		{AD60F7CC-C50D-4FB5-A17E-1895D3A2DF3D}.Release|ARM.ActiveCfg = Release|ARM
		{AD60F7CC-C50D-4FB5-A17E-1895D3A2DF3D}.Release|ARM.Build.0 = Release|ARM
		{AD60F7CC-C50D-4FB5-A17E-1895D3A2DF3D}.Release|ARM.Deploy.0 = Release|ARM
		{AD60F7CC-C50D-4FB5-A17E-1895D3A2DF3D}.Release|ARM64.ActiveCfg = Release|ARM64
		{AD60F7CC-C50D-4FB5-A17E-1895D3A2DF3D}.Release|ARM64.Build.0 = Release|ARM64
		{AD60F7CC-C50D-4FB5-A17E-1895D3A2DF3D}.Release|ARM64.Deploy.0 = Release|ARM64
		{AD60F7CC-C50D-4FB5-A17E-1895D3A2DF3D}.Release|x64.ActiveCfg = Release|x64
		{AD60F7CC-C50D-4FB5-A17E-1895D3A2DF3D}.Release|x64.Build.0 = Release|x64
		{AD60F7CC-C50D-4FB5-A17E-1895D3A2DF3D}.Release|x64.Deploy.0 = Release|x64
		{AD60F7CC-C50D-4FB5-A17E-1895D3A2DF3D}.Release|x86.ActiveCfg = Release|x86
		{AD60F7CC-C50D-4FB5-A17E-1895D3A2DF3D}.Release|x86.Build.0 = Release|x86
		{AD60F7CC-C50D-4FB5-A17E-1895D3A2DF3D}.Release|x86.Deploy.0 = Release|x86
	EndGlobalSection
	GlobalSection(SolutionProperties) = preSolution
		HideSolutionNode = FALSE
	EndGlobalSection
	GlobalSection(ExtensibilityGlobals) = postSolution
		SolutionGuid = {6289BE55-601A-4026-AD22-654C5CD576AB}
	EndGlobalSection
EndGlobal
